github.com/alex179/ncrypto v1.0.1 h1:397aua0DFaM+FqeiosKtOoRGVxnX0vRro4CbYRivhzM=
github.com/alex179/ncrypto v1.0.1/go.mod h1:8eTayK0DNsdZsGaVM/TXhOc4sxZHJjYRjo3zkEaalfE=
github.com/alex179/ngx v1.0.1 h1:74jXtmZuRJyhe3gZuQ5xnnSdEHPSw+O9rQ+yDdvkajc=
github.com/alex179/ngx v1.0.1/go.mod h1:0NlksARmqcjD8stijDwHnogPNbvnK1lm2ETo1xRxwmY=
github.com/alex179/nsign v1.0.1 h1:HVlx7gQcmWhR6jMK3J7ammJilJqnj461RQTIcGAIaDg=
github.com/alex179/nsign v1.0.1/go.mod h1:UWHDY2mPsULTihIo49iHGyFXsocrU7JQgNgYRpGKFZ4=
github.com/davecgh/go-spew v1.1.0/go.mod h1:J7Y8YcW2NihsgmVo/mv3lAwl/skON4iLHjSsI+c5H38=
github.com/davecgh/go-spew v1.1.1 h1:vj9j/u1bqnvCEfJOwUhtlOARqs3+rkHYY13jYWTU97c=
github.com/davecgh/go-spew v1.1.1/go.mod h1:J7Y8YcW2NihsgmVo/mv3lAwl/skON4iLHjSsI+c5H38=
github.com/pmezard/go-difflib v1.0.0 h1:4DBwDE0NGyQoBHbLQYPwSUPoCMWR5BEzIk/f1lZbAQM=
github.com/pmezard/go-difflib v1.0.0/go.mod h1:iKH77koFhYxTK1pcRnkKkqfTogsbg7gZNVY4sRDYZ/4=
github.com/sirupsen/logrus v1.9.3 h1:dueUQJ1C2q9oE3F7wvmSGAaVtTmUizReu6fjN8uqzbQ=
github.com/sirupsen/logrus v1.9.3/go.mod h1:naHLuLoDiP4jHNo9R0sCBMtWGeIprob74mVsIT4qYEQ=
github.com/smartwalle/alipay/v3 v3.2.20 h1:IjpG3YYgUgzCfS0z/EHlUbbr0OlrmOBHUst/3FzToYE=
github.com/smartwalle/alipay/v3 v3.2.20/go.mod h1:KWg91KsY+eIOf26ZfZeH7bed1bWulGpGrL1ErHF3jWo=
github.com/smartwalle/ncrypto v1.0.4 h1:P2rqQxDepJwgeO5ShoC+wGcK2wNJDmcdBOWAksuIgx8=
github.com/smartwalle/ncrypto v1.0.4/go.mod h1:Dwlp6sfeNaPMnOxMNayMTacvC5JGEVln3CVdiVDgbBk=
github.com/smartwalle/ngx v1.0.9 h1:pUXDvWRZJIHVrCKA1uZ15YwNti+5P4GuJGbpJ4WvpMw=
github.com/smartwalle/ngx v1.0.9/go.mod h1:mx/nz2Pk5j+RBs7t6u6k22MPiBG/8CtOMpCnALIG8Y0=
github.com/smartwalle/nsign v1.0.9 h1:8poAgG7zBd8HkZy9RQDwasC6XZvJpDGQWSjzL2FZL6E=
github.com/smartwalle/nsign v1.0.9/go.mod h1:eY6I4CJlyNdVMP+t6z1H6Jpd4m5/V+8xi44ufSTxXgc=
github.com/stretchr/objx v0.1.0/go.mod h1:HFkY916IF+rwdDfMAkV7OtwuqBVzrE8GR6GFx+wExME=
github.com/stretchr/testify v1.7.0 h1:nwc3DEeHmmLAfoZucVR881uASk0Mfjw8xYJ99tb5CcY=
github.com/stretchr/testify v1.7.0/go.mod h1:6Fq8oRcR53rry900zMqJjRRixrwX3KX962/h/Wwjteg=
golang.org/x/sys v0.0.0-20220715151400-c0bba94af5f8 h1:0A+M6Uqn+Eje4kHMK80dtF3JCXC4ykBgQG4Fe06QRhQ=
golang.org/x/sys v0.0.0-20220715151400-c0bba94af5f8/go.mod h1:oPkhp1MJrh7nUepCBck5+mAzfO9JrbApNNgaTdGDITg=
gopkg.in/check.v1 v0.0.0-20161208181325-20d25e280405/go.mod h1:Co6ibVJAznAaIkqp8huTwlJQCZ016jof/cbN4VW5Yz0=
gopkg.in/yaml.v3 v3.0.0-20200313102051-9f266ea9e77c h1:dUUwHk2QECo/6vqA44rthZ8ie2QXMNeKRTHCNY2nXvo=
gopkg.in/yaml.v3 v3.0.0-20200313102051-9f266ea9e77c/go.mod h1:K4uyk7z7BCEPqu6E+C64Yfv1cQ7kz7rIZviUmN+EgEM=
